
Microsoft Visual Studio Solution File, Format Version 12.00
# Visual Studio 15
VisualStudioVersion = 15.0.28307.852
MinimumVisualStudioVersion = 10.0.40219.1
Project("{FAE04EC0-301F-11D3-BF4B-00C04F79EFBC}") = "bmpConvertor", "BmpConvertor\bmpConvertor.csproj", "{8C6FC36E-C8DC-4C99-83C9-16C691D8CB82}"
EndProject
Global
	GlobalSection(SolutionConfigurationPlatforms) = preSolution
		Debug|Any CPU = Debug|Any CPU
		Release|Any CPU = Release|Any CPU
	EndGlobalSection
	GlobalSection(ProjectConfigurationPlatforms) = postSolution
		{8C6FC36E-C8DC-4C99-83C9-16C691D8CB82}.Debug|Any CPU.ActiveCfg = Debug|Any CPU
		{8C6FC36E-C8DC-4C99-83C9-16C691D8CB82}.Debug|Any CPU.Build.0 = Debug|Any CPU
		{8C6FC36E-C8DC-4C99-83C9-16C691D8CB82}.Release|Any CPU.ActiveCfg = Release|Any CPU
		{8C6FC36E-C8DC-4C99-83C9-16C691D8CB82}.Release|Any CPU.Build.0 = Release|Any CPU
	EndGlobalSection
	GlobalSection(SolutionProperties) = preSolution
		HideSolutionNode = FALSE
	EndGlobalSection
	GlobalSection(ExtensibilityGlobals) = postSolution
		SolutionGuid = {93288A6B-7971-4BC0-A108-CCADD2C71DBA}
	EndGlobalSection
EndGlobal
