
Microsoft Visual Studio Solution File, Format Version 12.00
# Visual Studio 15
VisualStudioVersion = 15.0.28307.852
MinimumVisualStudioVersion = 10.0.40219.1
Project("{FAE04EC0-301F-11D3-BF4B-00C04F79EFBC}") = "CanvasDraw", "CanvasDraw\CanvasDraw.csproj", "{4731C88A-C054-46E2-8AAA-8D774D864D66}"
EndProject
Project("{FAE04EC0-301F-11D3-BF4B-00C04F79EFBC}") = "DragAndDrop", "DragAndDrop\DragAndDrop.csproj", "{EDE16399-DC45-429F-9722-01738C518AEA}"
EndProject
Project("{FAE04EC0-301F-11D3-BF4B-00C04F79EFBC}") = "HorizontalListVeiw", "HorizontalListVeiw\HorizontalListVeiw.csproj", "{A6B6413F-8179-4EF2-B107-5846CAC78820}"
EndProject
Project("{FAE04EC0-301F-11D3-BF4B-00C04F79EFBC}") = "LabelToolDemo1", "LabelToolDemo1\LabelToolDemo1.csproj", "{939C592C-9971-42A5-972C-87E7982506AF}"
EndProject
Project("{FAE04EC0-301F-11D3-BF4B-00C04F79EFBC}") = "SetAndLabelApplier", "SetAndLabelApplier\SetAndLabelApplier.csproj", "{7C46CAC7-6799-4FAE-B434-D766E101D94B}"
EndProject
Project("{FAE04EC0-301F-11D3-BF4B-00C04F79EFBC}") = "ShortcutTest", "ShortcutTest\ShortcutTest.csproj", "{5C6F1D61-9DEC-43D5-A76B-96C24A429673}"
EndProject
Project("{FAE04EC0-301F-11D3-BF4B-00C04F79EFBC}") = "StackPanelBind", "StackPanelBind\StackPanelBind.csproj", "{B9A6588B-6415-473A-A4EE-207997BD9D8A}"
EndProject
Project("{FAE04EC0-301F-11D3-BF4B-00C04F79EFBC}") = "TreeView_Example", "TreeView_Example\TreeView_Example.csproj", "{9DAD0283-1796-4226-BEDC-D7AAD2AAF3EA}"
EndProject
Project("{FAE04EC0-301F-11D3-BF4B-00C04F79EFBC}") = "TreeViewExample", "TreeViewExample\TreeViewExample.csproj", "{E2A24BFE-3BA5-49B8-B58F-13739365A3FE}"
EndProject
Project("{FAE04EC0-301F-11D3-BF4B-00C04F79EFBC}") = "ViDiTest", "ViDiTest\ViDiTest.csproj", "{33285F78-F5AC-4318-B896-C6ADBE4D5807}"
EndProject
Global
	GlobalSection(SolutionConfigurationPlatforms) = preSolution
		Debug|Any CPU = Debug|Any CPU
		Debug|x64 = Debug|x64
		Debug|x86 = Debug|x86
		Release|Any CPU = Release|Any CPU
		Release|x64 = Release|x64
		Release|x86 = Release|x86
	EndGlobalSection
	GlobalSection(ProjectConfigurationPlatforms) = postSolution
		{4731C88A-C054-46E2-8AAA-8D774D864D66}.Debug|Any CPU.ActiveCfg = Debug|Any CPU
		{4731C88A-C054-46E2-8AAA-8D774D864D66}.Debug|Any CPU.Build.0 = Debug|Any CPU
		{4731C88A-C054-46E2-8AAA-8D774D864D66}.Debug|x64.ActiveCfg = Debug|Any CPU
		{4731C88A-C054-46E2-8AAA-8D774D864D66}.Debug|x64.Build.0 = Debug|Any CPU
		{4731C88A-C054-46E2-8AAA-8D774D864D66}.Debug|x86.ActiveCfg = Debug|Any CPU
		{4731C88A-C054-46E2-8AAA-8D774D864D66}.Debug|x86.Build.0 = Debug|Any CPU
		{4731C88A-C054-46E2-8AAA-8D774D864D66}.Release|Any CPU.ActiveCfg = Release|Any CPU
		{4731C88A-C054-46E2-8AAA-8D774D864D66}.Release|Any CPU.Build.0 = Release|Any CPU
		{4731C88A-C054-46E2-8AAA-8D774D864D66}.Release|x64.ActiveCfg = Release|Any CPU
		{4731C88A-C054-46E2-8AAA-8D774D864D66}.Release|x64.Build.0 = Release|Any CPU
		{4731C88A-C054-46E2-8AAA-8D774D864D66}.Release|x86.ActiveCfg = Release|Any CPU
		{4731C88A-C054-46E2-8AAA-8D774D864D66}.Release|x86.Build.0 = Release|Any CPU
		{EDE16399-DC45-429F-9722-01738C518AEA}.Debug|Any CPU.ActiveCfg = Debug|Any CPU
		{EDE16399-DC45-429F-9722-01738C518AEA}.Debug|Any CPU.Build.0 = Debug|Any CPU
		{EDE16399-DC45-429F-9722-01738C518AEA}.Debug|x64.ActiveCfg = Debug|x64
		{EDE16399-DC45-429F-9722-01738C518AEA}.Debug|x64.Build.0 = Debug|x64
		{EDE16399-DC45-429F-9722-01738C518AEA}.Debug|x86.ActiveCfg = Debug|Any CPU
		{EDE16399-DC45-429F-9722-01738C518AEA}.Debug|x86.Build.0 = Debug|Any CPU
		{EDE16399-DC45-429F-9722-01738C518AEA}.Release|Any CPU.ActiveCfg = Release|Any CPU
		{EDE16399-DC45-429F-9722-01738C518AEA}.Release|Any CPU.Build.0 = Release|Any CPU
		{EDE16399-DC45-429F-9722-01738C518AEA}.Release|x64.ActiveCfg = Release|x64
		{EDE16399-DC45-429F-9722-01738C518AEA}.Release|x64.Build.0 = Release|x64
		{EDE16399-DC45-429F-9722-01738C518AEA}.Release|x86.ActiveCfg = Release|Any CPU
		{EDE16399-DC45-429F-9722-01738C518AEA}.Release|x86.Build.0 = Release|Any CPU
		{A6B6413F-8179-4EF2-B107-5846CAC78820}.Debug|Any CPU.ActiveCfg = Debug|x86
		{A6B6413F-8179-4EF2-B107-5846CAC78820}.Debug|x64.ActiveCfg = Debug|x86
		{A6B6413F-8179-4EF2-B107-5846CAC78820}.Debug|x86.ActiveCfg = Debug|x86
		{A6B6413F-8179-4EF2-B107-5846CAC78820}.Debug|x86.Build.0 = Debug|x86
		{A6B6413F-8179-4EF2-B107-5846CAC78820}.Release|Any CPU.ActiveCfg = Release|x86
		{A6B6413F-8179-4EF2-B107-5846CAC78820}.Release|x64.ActiveCfg = Release|x86
		{A6B6413F-8179-4EF2-B107-5846CAC78820}.Release|x86.ActiveCfg = Release|x86
		{A6B6413F-8179-4EF2-B107-5846CAC78820}.Release|x86.Build.0 = Release|x86
		{939C592C-9971-42A5-972C-87E7982506AF}.Debug|Any CPU.ActiveCfg = Debug|Any CPU
		{939C592C-9971-42A5-972C-87E7982506AF}.Debug|Any CPU.Build.0 = Debug|Any CPU
		{939C592C-9971-42A5-972C-87E7982506AF}.Debug|x64.ActiveCfg = Debug|x64
		{939C592C-9971-42A5-972C-87E7982506AF}.Debug|x64.Build.0 = Debug|x64
		{939C592C-9971-42A5-972C-87E7982506AF}.Debug|x86.ActiveCfg = Debug|Any CPU
		{939C592C-9971-42A5-972C-87E7982506AF}.Debug|x86.Build.0 = Debug|Any CPU
		{939C592C-9971-42A5-972C-87E7982506AF}.Release|Any CPU.ActiveCfg = Release|Any CPU
		{939C592C-9971-42A5-972C-87E7982506AF}.Release|Any CPU.Build.0 = Release|Any CPU
		{939C592C-9971-42A5-972C-87E7982506AF}.Release|x64.ActiveCfg = Release|x64
		{939C592C-9971-42A5-972C-87E7982506AF}.Release|x64.Build.0 = Release|x64
		{939C592C-9971-42A5-972C-87E7982506AF}.Release|x86.ActiveCfg = Release|Any CPU
		{939C592C-9971-42A5-972C-87E7982506AF}.Release|x86.Build.0 = Release|Any CPU
		{7C46CAC7-6799-4FAE-B434-D766E101D94B}.Debug|Any CPU.ActiveCfg = Debug|Any CPU
		{7C46CAC7-6799-4FAE-B434-D766E101D94B}.Debug|Any CPU.Build.0 = Debug|Any CPU
		{7C46CAC7-6799-4FAE-B434-D766E101D94B}.Debug|x64.ActiveCfg = Debug|x64
		{7C46CAC7-6799-4FAE-B434-D766E101D94B}.Debug|x64.Build.0 = Debug|x64
		{7C46CAC7-6799-4FAE-B434-D766E101D94B}.Debug|x86.ActiveCfg = Debug|Any CPU
		{7C46CAC7-6799-4FAE-B434-D766E101D94B}.Debug|x86.Build.0 = Debug|Any CPU
		{7C46CAC7-6799-4FAE-B434-D766E101D94B}.Release|Any CPU.ActiveCfg = Release|Any CPU
		{7C46CAC7-6799-4FAE-B434-D766E101D94B}.Release|Any CPU.Build.0 = Release|Any CPU
		{7C46CAC7-6799-4FAE-B434-D766E101D94B}.Release|x64.ActiveCfg = Release|x64
		{7C46CAC7-6799-4FAE-B434-D766E101D94B}.Release|x64.Build.0 = Release|x64
		{7C46CAC7-6799-4FAE-B434-D766E101D94B}.Release|x86.ActiveCfg = Release|Any CPU
		{7C46CAC7-6799-4FAE-B434-D766E101D94B}.Release|x86.Build.0 = Release|Any CPU
		{5C6F1D61-9DEC-43D5-A76B-96C24A429673}.Debug|Any CPU.ActiveCfg = Debug|Any CPU
		{5C6F1D61-9DEC-43D5-A76B-96C24A429673}.Debug|Any CPU.Build.0 = Debug|Any CPU
		{5C6F1D61-9DEC-43D5-A76B-96C24A429673}.Debug|x64.ActiveCfg = Debug|Any CPU
		{5C6F1D61-9DEC-43D5-A76B-96C24A429673}.Debug|x64.Build.0 = Debug|Any CPU
		{5C6F1D61-9DEC-43D5-A76B-96C24A429673}.Debug|x86.ActiveCfg = Debug|Any CPU
		{5C6F1D61-9DEC-43D5-A76B-96C24A429673}.Debug|x86.Build.0 = Debug|Any CPU
		{5C6F1D61-9DEC-43D5-A76B-96C24A429673}.Release|Any CPU.ActiveCfg = Release|Any CPU
		{5C6F1D61-9DEC-43D5-A76B-96C24A429673}.Release|Any CPU.Build.0 = Release|Any CPU
		{5C6F1D61-9DEC-43D5-A76B-96C24A429673}.Release|x64.ActiveCfg = Release|Any CPU
		{5C6F1D61-9DEC-43D5-A76B-96C24A429673}.Release|x64.Build.0 = Release|Any CPU
		{5C6F1D61-9DEC-43D5-A76B-96C24A429673}.Release|x86.ActiveCfg = Release|Any CPU
		{5C6F1D61-9DEC-43D5-A76B-96C24A429673}.Release|x86.Build.0 = Release|Any CPU
		{B9A6588B-6415-473A-A4EE-207997BD9D8A}.Debug|Any CPU.ActiveCfg = Debug|Any CPU
		{B9A6588B-6415-473A-A4EE-207997BD9D8A}.Debug|Any CPU.Build.0 = Debug|Any CPU
		{B9A6588B-6415-473A-A4EE-207997BD9D8A}.Debug|x64.ActiveCfg = Debug|Any CPU
		{B9A6588B-6415-473A-A4EE-207997BD9D8A}.Debug|x64.Build.0 = Debug|Any CPU
		{B9A6588B-6415-473A-A4EE-207997BD9D8A}.Debug|x86.ActiveCfg = Debug|Any CPU
		{B9A6588B-6415-473A-A4EE-207997BD9D8A}.Debug|x86.Build.0 = Debug|Any CPU
		{B9A6588B-6415-473A-A4EE-207997BD9D8A}.Release|Any CPU.ActiveCfg = Release|Any CPU
		{B9A6588B-6415-473A-A4EE-207997BD9D8A}.Release|Any CPU.Build.0 = Release|Any CPU
		{B9A6588B-6415-473A-A4EE-207997BD9D8A}.Release|x64.ActiveCfg = Release|Any CPU
		{B9A6588B-6415-473A-A4EE-207997BD9D8A}.Release|x64.Build.0 = Release|Any CPU
		{B9A6588B-6415-473A-A4EE-207997BD9D8A}.Release|x86.ActiveCfg = Release|Any CPU
		{B9A6588B-6415-473A-A4EE-207997BD9D8A}.Release|x86.Build.0 = Release|Any CPU
		{9DAD0283-1796-4226-BEDC-D7AAD2AAF3EA}.Debug|Any CPU.ActiveCfg = Debug|Any CPU
		{9DAD0283-1796-4226-BEDC-D7AAD2AAF3EA}.Debug|Any CPU.Build.0 = Debug|Any CPU
		{9DAD0283-1796-4226-BEDC-D7AAD2AAF3EA}.Debug|x64.ActiveCfg = Debug|Any CPU
		{9DAD0283-1796-4226-BEDC-D7AAD2AAF3EA}.Debug|x64.Build.0 = Debug|Any CPU
		{9DAD0283-1796-4226-BEDC-D7AAD2AAF3EA}.Debug|x86.ActiveCfg = Debug|Any CPU
		{9DAD0283-1796-4226-BEDC-D7AAD2AAF3EA}.Debug|x86.Build.0 = Debug|Any CPU
		{9DAD0283-1796-4226-BEDC-D7AAD2AAF3EA}.Release|Any CPU.ActiveCfg = Release|Any CPU
		{9DAD0283-1796-4226-BEDC-D7AAD2AAF3EA}.Release|Any CPU.Build.0 = Release|Any CPU
		{9DAD0283-1796-4226-BEDC-D7AAD2AAF3EA}.Release|x64.ActiveCfg = Release|Any CPU
		{9DAD0283-1796-4226-BEDC-D7AAD2AAF3EA}.Release|x64.Build.0 = Release|Any CPU
		{9DAD0283-1796-4226-BEDC-D7AAD2AAF3EA}.Release|x86.ActiveCfg = Release|Any CPU
		{9DAD0283-1796-4226-BEDC-D7AAD2AAF3EA}.Release|x86.Build.0 = Release|Any CPU
		{E2A24BFE-3BA5-49B8-B58F-13739365A3FE}.Debug|Any CPU.ActiveCfg = Debug|Any CPU
		{E2A24BFE-3BA5-49B8-B58F-13739365A3FE}.Debug|Any CPU.Build.0 = Debug|Any CPU
		{E2A24BFE-3BA5-49B8-B58F-13739365A3FE}.Debug|x64.ActiveCfg = Debug|Any CPU
		{E2A24BFE-3BA5-49B8-B58F-13739365A3FE}.Debug|x64.Build.0 = Debug|Any CPU
		{E2A24BFE-3BA5-49B8-B58F-13739365A3FE}.Debug|x86.ActiveCfg = Debug|Any CPU
		{E2A24BFE-3BA5-49B8-B58F-13739365A3FE}.Debug|x86.Build.0 = Debug|Any CPU
		{E2A24BFE-3BA5-49B8-B58F-13739365A3FE}.Release|Any CPU.ActiveCfg = Release|Any CPU
		{E2A24BFE-3BA5-49B8-B58F-13739365A3FE}.Release|Any CPU.Build.0 = Release|Any CPU
		{E2A24BFE-3BA5-49B8-B58F-13739365A3FE}.Release|x64.ActiveCfg = Release|Any CPU
		{E2A24BFE-3BA5-49B8-B58F-13739365A3FE}.Release|x64.Build.0 = Release|Any CPU
		{E2A24BFE-3BA5-49B8-B58F-13739365A3FE}.Release|x86.ActiveCfg = Release|Any CPU
		{E2A24BFE-3BA5-49B8-B58F-13739365A3FE}.Release|x86.Build.0 = Release|Any CPU
		{33285F78-F5AC-4318-B896-C6ADBE4D5807}.Debug|Any CPU.ActiveCfg = Debug|Any CPU
		{33285F78-F5AC-4318-B896-C6ADBE4D5807}.Debug|Any CPU.Build.0 = Debug|Any CPU
		{33285F78-F5AC-4318-B896-C6ADBE4D5807}.Debug|x64.ActiveCfg = Debug|x64
		{33285F78-F5AC-4318-B896-C6ADBE4D5807}.Debug|x64.Build.0 = Debug|x64
		{33285F78-F5AC-4318-B896-C6ADBE4D5807}.Debug|x86.ActiveCfg = Debug|Any CPU
		{33285F78-F5AC-4318-B896-C6ADBE4D5807}.Debug|x86.Build.0 = Debug|Any CPU
		{33285F78-F5AC-4318-B896-C6ADBE4D5807}.Release|Any CPU.ActiveCfg = Release|Any CPU
		{33285F78-F5AC-4318-B896-C6ADBE4D5807}.Release|Any CPU.Build.0 = Release|Any CPU
		{33285F78-F5AC-4318-B896-C6ADBE4D5807}.Release|x64.ActiveCfg = Release|x64
		{33285F78-F5AC-4318-B896-C6ADBE4D5807}.Release|x64.Build.0 = Release|x64
		{33285F78-F5AC-4318-B896-C6ADBE4D5807}.Release|x86.ActiveCfg = Release|Any CPU
		{33285F78-F5AC-4318-B896-C6ADBE4D5807}.Release|x86.Build.0 = Release|Any CPU
	EndGlobalSection
	GlobalSection(SolutionProperties) = preSolution
		HideSolutionNode = FALSE
	EndGlobalSection
	GlobalSection(ExtensibilityGlobals) = postSolution
		SolutionGuid = {C4569690-BEFB-4D1B-868E-E225E3053C5E}
	EndGlobalSection
EndGlobal
